
Microsoft Visual Studio Solution File, Format Version 12.00
# Visual Studio Version 16
VisualStudioVersion = 16.0.31229.75
MinimumVisualStudioVersion = 10.0.40219.1
Project("{FAE04EC0-301F-11D3-BF4B-00C04F79EFBC}") = "BlogApp", "BlogApp\BlogApp.csproj", "{48414E55-CA6A-42D2-9C9D-AFF6ECCE2C7A}"
EndProject
Project("{FAE04EC0-301F-11D3-BF4B-00C04F79EFBC}") = "BlogApp.BAL", "BlogApp.BAL\BlogApp.BAL.csproj", "{077F5204-EF79-4D63-ABD0-B69483C73361}"
EndProject
Project("{FAE04EC0-301F-11D3-BF4B-00C04F79EFBC}") = "BlogApp.DAL", "BlogApp.DAL\BlogApp.DAL.csproj", "{20151DD6-35C8-487C-8982-2C7F625AFB4F}"
EndProject
Project("{FAE04EC0-301F-11D3-BF4B-00C04F79EFBC}") = "BlogApp.Model", "BlogApp.Model\BlogApp.Model.csproj", "{C4CE8BC9-9249-4F97-B6CB-69936F36E448}"
EndProject
Global
	GlobalSection(SolutionConfigurationPlatforms) = preSolution
		Debug|Any CPU = Debug|Any CPU
		Release|Any CPU = Release|Any CPU
	EndGlobalSection
	GlobalSection(ProjectConfigurationPlatforms) = postSolution
		{48414E55-CA6A-42D2-9C9D-AFF6ECCE2C7A}.Debug|Any CPU.ActiveCfg = Debug|Any CPU
		{48414E55-CA6A-42D2-9C9D-AFF6ECCE2C7A}.Debug|Any CPU.Build.0 = Debug|Any CPU
		{48414E55-CA6A-42D2-9C9D-AFF6ECCE2C7A}.Release|Any CPU.ActiveCfg = Release|Any CPU
		{48414E55-CA6A-42D2-9C9D-AFF6ECCE2C7A}.Release|Any CPU.Build.0 = Release|Any CPU
		{077F5204-EF79-4D63-ABD0-B69483C73361}.Debug|Any CPU.ActiveCfg = Debug|Any CPU
		{077F5204-EF79-4D63-ABD0-B69483C73361}.Debug|Any CPU.Build.0 = Debug|Any CPU
		{077F5204-EF79-4D63-ABD0-B69483C73361}.Release|Any CPU.ActiveCfg = Release|Any CPU
		{077F5204-EF79-4D63-ABD0-B69483C73361}.Release|Any CPU.Build.0 = Release|Any CPU
		{20151DD6-35C8-487C-8982-2C7F625AFB4F}.Debug|Any CPU.ActiveCfg = Debug|Any CPU
		{20151DD6-35C8-487C-8982-2C7F625AFB4F}.Debug|Any CPU.Build.0 = Debug|Any CPU
		{20151DD6-35C8-487C-8982-2C7F625AFB4F}.Release|Any CPU.ActiveCfg = Release|Any CPU
		{20151DD6-35C8-487C-8982-2C7F625AFB4F}.Release|Any CPU.Build.0 = Release|Any CPU
		{C4CE8BC9-9249-4F97-B6CB-69936F36E448}.Debug|Any CPU.ActiveCfg = Debug|Any CPU
		{C4CE8BC9-9249-4F97-B6CB-69936F36E448}.Debug|Any CPU.Build.0 = Debug|Any CPU
		{C4CE8BC9-9249-4F97-B6CB-69936F36E448}.Release|Any CPU.ActiveCfg = Release|Any CPU
		{C4CE8BC9-9249-4F97-B6CB-69936F36E448}.Release|Any CPU.Build.0 = Release|Any CPU
	EndGlobalSection
	GlobalSection(SolutionProperties) = preSolution
		HideSolutionNode = FALSE
	EndGlobalSection
	GlobalSection(ExtensibilityGlobals) = postSolution
		SolutionGuid = {4A33D2E8-8E94-462B-9218-BAF4EF746487}
	EndGlobalSection
EndGlobal
